// !$*UTF8*$!
{
	archiveVersion = 1;
	classes = {
	};
	objectVersion = 55;
	objects = {

/* Begin PBXBuildFile section */
		4F5AA205298531B700DD065C /* AppDelegate.swift in Sources */ = {isa = PBXBuildFile; fileRef = 4F5AA204298531B700DD065C /* AppDelegate.swift */; };
		4F5AA207298531B700DD065C /* SceneDelegate.swift in Sources */ = {isa = PBXBuildFile; fileRef = 4F5AA206298531B700DD065C /* SceneDelegate.swift */; };
		4F5AA209298531B700DD065C /* ViewController.swift in Sources */ = {isa = PBXBuildFile; fileRef = 4F5AA208298531B700DD065C /* ViewController.swift */; };
		4F5AA20C298531B700DD065C /* Main.storyboard in Resources */ = {isa = PBXBuildFile; fileRef = 4F5AA20A298531B700DD065C /* Main.storyboard */; };
		4F5AA20E298531B900DD065C /* Assets.xcassets in Resources */ = {isa = PBXBuildFile; fileRef = 4F5AA20D298531B900DD065C /* Assets.xcassets */; };
		4F5AA211298531B900DD065C /* LaunchScreen.storyboard in Resources */ = {isa = PBXBuildFile; fileRef = 4F5AA20F298531B900DD065C /* LaunchScreen.storyboard */; };
		DCCB3A7F1515C0A41220E9FB /* Pods_RxSwiftA1.framework in Frameworks */ = {isa = PBXBuildFile; fileRef = 7B260106B13C21245FBFFE1B /* Pods_RxSwiftA1.framework */; };
/* End PBXBuildFile section */

/* Begin PBXFileReference section */
		4A51B7EE7BCC8EEA2CD52F4F /* Pods-RxSwiftA1.release.xcconfig */ = {isa = PBXFileReference; includeInIndex = 1; lastKnownFileType = text.xcconfig; name = "Pods-RxSwiftA1.release.xcconfig"; path = "Target Support Files/Pods-RxSwiftA1/Pods-RxSwiftA1.release.xcconfig"; sourceTree = "<group>"; };
		4F5AA201298531B700DD065C /* RxSwiftA1.app */ = {isa = PBXFileReference; explicitFileType = wrapper.application; includeInIndex = 0; path = RxSwiftA1.app; sourceTree = BUILT_PRODUCTS_DIR; };
		4F5AA204298531B700DD065C /* AppDelegate.swift */ = {isa = PBXFileReference; lastKnownFileType = sourcecode.swift; path = AppDelegate.swift; sourceTree = "<group>"; };
		4F5AA206298531B700DD065C /* SceneDelegate.swift */ = {isa = PBXFileReference; lastKnownFileType = sourcecode.swift; path = SceneDelegate.swift; sourceTree = "<group>"; };
		4F5AA208298531B700DD065C /* ViewController.swift */ = {isa = PBXFileReference; lastKnownFileType = sourcecode.swift; path = ViewController.swift; sourceTree = "<group>"; };
		4F5AA20B298531B700DD065C /* Base */ = {isa = PBXFileReference; lastKnownFileType = file.storyboard; name = Base; path = Base.lproj/Main.storyboard; sourceTree = "<group>"; };
		4F5AA20D298531B900DD065C /* Assets.xcassets */ = {isa = PBXFileReference; lastKnownFileType = folder.assetcatalog; path = Assets.xcassets; sourceTree = "<group>"; };
		4F5AA210298531B900DD065C /* Base */ = {isa = PBXFileReference; lastKnownFileType = file.storyboard; name = Base; path = Base.lproj/LaunchScreen.storyboard; sourceTree = "<group>"; };
		4F5AA212298531B900DD065C /* Info.plist */ = {isa = PBXFileReference; lastKnownFileType = text.plist.xml; path = Info.plist; sourceTree = "<group>"; };
		7B260106B13C21245FBFFE1B /* Pods_RxSwiftA1.framework */ = {isa = PBXFileReference; explicitFileType = wrapper.framework; includeInIndex = 0; path = Pods_RxSwiftA1.framework; sourceTree = BUILT_PRODUCTS_DIR; };
		FF35BDBC8A00BACB94E9FE5C /* Pods-RxSwiftA1.debug.xcconfig */ = {isa = PBXFileReference; includeInIndex = 1; lastKnownFileType = text.xcconfig; name = "Pods-RxSwiftA1.debug.xcconfig"; path = "Target Support Files/Pods-RxSwiftA1/Pods-RxSwiftA1.debug.xcconfig"; sourceTree = "<group>"; };
/* End PBXFileReference section */

/* Begin PBXFrameworksBuildPhase section */
		4F5AA1FE298531B700DD065C /* Frameworks */ = {
			isa = PBXFrameworksBuildPhase;
			buildActionMask = 2147483647;
			files = (
				DCCB3A7F1515C0A41220E9FB /* Pods_RxSwiftA1.framework in Frameworks */,
			);
			runOnlyForDeploymentPostprocessing = 0;
		};
/* End PBXFrameworksBuildPhase section */

/* Begin PBXGroup section */
		4F5AA1F8298531B700DD065C = {
			isa = PBXGroup;
			children = (
				4F5AA203298531B700DD065C /* RxSwiftA1 */,
				4F5AA202298531B700DD065C /* Products */,
				CB43121A71A4E18AB69A4E32 /* Pods */,
				81F78D15DD4AD87F5F402952 /* Frameworks */,
			);
			sourceTree = "<group>";
		};
		4F5AA202298531B700DD065C /* Products */ = {
			isa = PBXGroup;
			children = (
				4F5AA201298531B700DD065C /* RxSwiftA1.app */,
			);
			name = Products;
			sourceTree = "<group>";
		};
		4F5AA203298531B700DD065C /* RxSwiftA1 */ = {
			isa = PBXGroup;
			children = (
				4F5AA204298531B700DD065C /* AppDelegate.swift */,
				4F5AA206298531B700DD065C /* SceneDelegate.swift */,
				4F5AA208298531B700DD065C /* ViewController.swift */,
				4F5AA20A298531B700DD065C /* Main.storyboard */,
				4F5AA20D298531B900DD065C /* Assets.xcassets */,
				4F5AA20F298531B900DD065C /* LaunchScreen.storyboard */,
				4F5AA212298531B900DD065C /* Info.plist */,
			);
			path = RxSwiftA1;
			sourceTree = "<group>";
		};
		81F78D15DD4AD87F5F402952 /* Frameworks */ = {
			isa = PBXGroup;
			children = (
				7B260106B13C21245FBFFE1B /* Pods_RxSwiftA1.framework */,
			);
			name = Frameworks;
			sourceTree = "<group>";
		};
		CB43121A71A4E18AB69A4E32 /* Pods */ = {
			isa = PBXGroup;
			children = (
				FF35BDBC8A00BACB94E9FE5C /* Pods-RxSwiftA1.debug.xcconfig */,
				4A51B7EE7BCC8EEA2CD52F4F /* Pods-RxSwiftA1.release.xcconfig */,
			);
			name = Pods;
			path = Pods;
			sourceTree = "<group>";
		};
/* End PBXGroup section */

/* Begin PBXNativeTarget section */
		4F5AA200298531B700DD065C /* RxSwiftA1 */ = {
			isa = PBXNativeTarget;
			buildConfigurationList = 4F5AA215298531B900DD065C /* Build configuration list for PBXNativeTarget "RxSwiftA1" */;
			buildPhases = (
				D639069CDC73E811473573A1 /* [CP] Check Pods Manifest.lock */,
				4F5AA1FD298531B700DD065C /* Sources */,
				4F5AA1FE298531B700DD065C /* Frameworks */,
				4F5AA1FF298531B700DD065C /* Resources */,
				02A99DD3D0E4F86DCEEABD5D /* [CP] Embed Pods Frameworks */,
			);
			buildRules = (
			);
			dependencies = (
			);
			name = RxSwiftA1;
			productName = RxSwiftA1;
			productReference = 4F5AA201298531B700DD065C /* RxSwiftA1.app */;
			productType = "com.apple.product-type.application";
		};
/* End PBXNativeTarget section */

/* Begin PBXProject section */
		4F5AA1F9298531B700DD065C /* Project object */ = {
			isa = PBXProject;
			attributes = {
				BuildIndependentTargetsInParallel = 1;
				LastSwiftUpdateCheck = 1340;
				LastUpgradeCheck = 1340;
				TargetAttributes = {
					4F5AA200298531B700DD065C = {
						CreatedOnToolsVersion = 13.4.1;
					};
				};
			};
			buildConfigurationList = 4F5AA1FC298531B700DD065C /* Build configuration list for PBXProject "RxSwiftA1" */;
			compatibilityVersion = "Xcode 13.0";
			developmentRegion = en;
			hasScannedForEncodings = 0;
			knownRegions = (
				en,
				Base,
			);
			mainGroup = 4F5AA1F8298531B700DD065C;
			productRefGroup = 4F5AA202298531B700DD065C /* Products */;
			projectDirPath = "";
			projectRoot = "";
			targets = (
				4F5AA200298531B700DD065C /* RxSwiftA1 */,
			);
		};
/* End PBXProject section */

/* Begin PBXResourcesBuildPhase section */
		4F5AA1FF298531B700DD065C /* Resources */ = {
			isa = PBXResourcesBuildPhase;
			buildActionMask = 2147483647;
			files = (
				4F5AA211298531B900DD065C /* LaunchScreen.storyboard in Resources */,
				4F5AA20E298531B900DD065C /* Assets.xcassets in Resources */,
				4F5AA20C298531B700DD065C /* Main.storyboard in Resources */,
			);
			runOnlyForDeploymentPostprocessing = 0;
		};
/* End PBXResourcesBuildPhase section */

/* Begin PBXShellScriptBuildPhase section */
		02A99DD3D0E4F86DCEEABD5D /* [CP] Embed Pods Frameworks */ = {
			isa = PBXShellScriptBuildPhase;
			buildActionMask = 2147483647;
			files = (
			);
			inputFileListPaths = (
				"${PODS_ROOT}/Target Support Files/Pods-RxSwiftA1/Pods-RxSwiftA1-frameworks-${CONFIGURATION}-input-files.xcfilelist",
			);
			name = "[CP] Embed Pods Frameworks";
			outputFileListPaths = (
				"${PODS_ROOT}/Target Support Files/Pods-RxSwiftA1/Pods-RxSwiftA1-frameworks-${CONFIGURATION}-output-files.xcfilelist",
			);
			runOnlyForDeploymentPostprocessing = 0;
			shellPath = /bin/sh;
			shellScript = "\"${PODS_ROOT}/Target Support Files/Pods-RxSwiftA1/Pods-RxSwiftA1-frameworks.sh\"\n";
			showEnvVarsInLog = 0;
		};
		D639069CDC73E811473573A1 /* [CP] Check Pods Manifest.lock */ = {
			isa = PBXShellScriptBuildPhase;
			buildActionMask = 2147483647;
			files = (
			);
			inputFileListPaths = (
			);
			inputPaths = (
				"${PODS_PODFILE_DIR_PATH}/Podfile.lock",
				"${PODS_ROOT}/Manifest.lock",
			);
			name = "[CP] Check Pods Manifest.lock";
			outputFileListPaths = (
			);
			outputPaths = (
				"$(DERIVED_FILE_DIR)/Pods-RxSwiftA1-checkManifestLockResult.txt",
			);
			runOnlyForDeploymentPostprocessing = 0;
			shellPath = /bin/sh;
			shellScript = "diff \"${PODS_PODFILE_DIR_PATH}/Podfile.lock\" \"${PODS_ROOT}/Manifest.lock\" > /dev/null\nif [ $? != 0 ] ; then\n    # print error to STDERR\n    echo \"error: The sandbox is not in sync with the Podfile.lock. Run 'pod install' or update your CocoaPods installation.\" >&2\n    exit 1\nfi\n# This output is used by Xcode 'outputs' to avoid re-running this script phase.\necho \"SUCCESS\" > \"${SCRIPT_OUTPUT_FILE_0}\"\n";
			showEnvVarsInLog = 0;
		};
/* End PBXShellScriptBuildPhase section */

/* Begin PBXSourcesBuildPhase section */
		4F5AA1FD298531B700DD065C /* Sources */ = {
			isa = PBXSourcesBuildPhase;
			buildActionMask = 2147483647;
			files = (
				4F5AA209298531B700DD065C /* ViewController.swift in Sources */,
				4F5AA205298531B700DD065C /* AppDelegate.swift in Sources */,
				4F5AA207298531B700DD065C /* SceneDelegate.swift in Sources */,
			);
			runOnlyForDeploymentPostprocessing = 0;
		};
/* End PBXSourcesBuildPhase section */

/* Begin PBXVariantGroup section */
		4F5AA20A298531B700DD065C /* Main.storyboard */ = {
			isa = PBXVariantGroup;
			children = (
				4F5AA20B298531B700DD065C /* Base */,
			);
			name = Main.storyboard;
			sourceTree = "<group>";
		};
		4F5AA20F298531B900DD065C /* LaunchScreen.storyboard */ = {
			isa = PBXVariantGroup;
			children = (
				4F5AA210298531B900DD065C /* Base */,
			);
			name = LaunchScreen.storyboard;
			sourceTree = "<group>";
		};
/* End PBXVariantGroup section */

/* Begin XCBuildConfiguration section */
		4F5AA213298531B900DD065C /* Debug */ = {
			isa = XCBuildConfiguration;
			buildSettings = {
				ALWAYS_SEARCH_USER_PATHS = NO;
				CLANG_ANALYZER_NONNULL = YES;
				CLANG_ANALYZER_NUMBER_OBJECT_CONVERSION = YES_AGGRESSIVE;
				CLANG_CXX_LANGUAGE_STANDARD = "gnu++17";
				CLANG_ENABLE_MODULES = YES;
				CLANG_ENABLE_OBJC_ARC = YES;
				CLANG_ENABLE_OBJC_WEAK = YES;
				CLANG_WARN_BLOCK_CAPTURE_AUTORELEASING = YES;
				CLANG_WARN_BOOL_CONVERSION = YES;
				CLANG_WARN_COMMA = YES;
				CLANG_WARN_CONSTANT_CONVERSION = YES;
				CLANG_WARN_DEPRECATED_OBJC_IMPLEMENTATIONS = YES;
				CLANG_WARN_DIRECT_OBJC_ISA_USAGE = YES_ERROR;
				CLANG_WARN_DOCUMENTATION_COMMENTS = YES;
				CLANG_WARN_EMPTY_BODY = YES;
				CLANG_WARN_ENUM_CONVERSION = YES;
				CLANG_WARN_INFINITE_RECURSION = YES;
				CLANG_WARN_INT_CONVERSION = YES;
				CLANG_WARN_NON_LITERAL_NULL_CONVERSION = YES;
				CLANG_WARN_OBJC_IMPLICIT_RETAIN_SELF = YES;
				CLANG_WARN_OBJC_LITERAL_CONVERSION = YES;
				CLANG_WARN_OBJC_ROOT_CLASS = YES_ERROR;
				CLANG_WARN_QUOTED_INCLUDE_IN_FRAMEWORK_HEADER = YES;
				CLANG_WARN_RANGE_LOOP_ANALYSIS = YES;
				CLANG_WARN_STRICT_PROTOTYPES = YES;
				CLANG_WARN_SUSPICIOUS_MOVE = YES;
				CLANG_WARN_UNGUARDED_AVAILABILITY = YES_AGGRESSIVE;
				CLANG_WARN_UNREACHABLE_CODE = YES;
				CLANG_WARN__DUPLICATE_METHOD_MATCH = YES;
				COPY_PHASE_STRIP = NO;
				DEBUG_INFORMATION_FORMAT = dwarf;
				ENABLE_STRICT_OBJC_MSGSEND = YES;
				ENABLE_TESTABILITY = YES;
				GCC_C_LANGUAGE_STANDARD = gnu11;
				GCC_DYNAMIC_NO_PIC = NO;
				GCC_NO_COMMON_BLOCKS = YES;
				GCC_OPTIMIZATION_LEVEL = 0;
				GCC_PREPROCESSOR_DEFINITIONS = (
					"DEBUG=1",
					"$(inherited)",
				);
				GCC_WARN_64_TO_32_BIT_CONVERSION = YES;
				GCC_WARN_ABOUT_RETURN_TYPE = YES_ERROR;
				GCC_WARN_UNDECLARED_SELECTOR = YES;
				GCC_WARN_UNINITIALIZED_AUTOS = YES_AGGRESSIVE;
				GCC_WARN_UNUSED_FUNCTION = YES;
				GCC_WARN_UNUSED_VARIABLE = YES;
				IPHONEOS_DEPLOYMENT_TARGET = 15.5;
				MTL_ENABLE_DEBUG_INFO = INCLUDE_SOURCE;
				MTL_FAST_MATH = YES;
				ONLY_ACTIVE_ARCH = YES;
				SDKROOT = iphoneos;
				SWIFT_ACTIVE_COMPILATION_CONDITIONS = DEBUG;
				SWIFT_OPTIMIZATION_LEVEL = "-Onone";
			};
			name = Debug;
		};
		4F5AA214298531B900DD065C /* Release */ = {
			isa = XCBuildConfiguration;
			buildSettings = {
				ALWAYS_SEARCH_USER_PATHS = NO;
				CLANG_ANALYZER_NONNULL = YES;
				CLANG_ANALYZER_NUMBER_OBJECT_CONVERSION = YES_AGGRESSIVE;
				CLANG_CXX_LANGUAGE_STANDARD = "gnu++17";
				CLANG_ENABLE_MODULES = YES;
				CLANG_ENABLE_OBJC_ARC = YES;
				CLANG_ENABLE_OBJC_WEAK = YES;
				CLANG_WARN_BLOCK_CAPTURE_AUTORELEASING = YES;
				CLANG_WARN_BOOL_CONVERSION = YES;
				CLANG_WARN_COMMA = YES;
				CLANG_WARN_CONSTANT_CONVERSION = YES;
				CLANG_WARN_DEPRECATED_OBJC_IMPLEMENTATIONS = YES;
				CLANG_WARN_DIRECT_OBJC_ISA_USAGE = YES_ERROR;
				CLANG_WARN_DOCUMENTATION_COMMENTS = YES;
				CLANG_WARN_EMPTY_BODY = YES;
				CLANG_WARN_ENUM_CONVERSION = YES;
				CLANG_WARN_INFINITE_RECURSION = YES;
				CLANG_WARN_INT_CONVERSION = YES;
				CLANG_WARN_NON_LITERAL_NULL_CONVERSION = YES;
				CLANG_WARN_OBJC_IMPLICIT_RETAIN_SELF = YES;
				CLANG_WARN_OBJC_LITERAL_CONVERSION = YES;
				CLANG_WARN_OBJC_ROOT_CLASS = YES_ERROR;
				CLANG_WARN_QUOTED_INCLUDE_IN_FRAMEWORK_HEADER = YES;
				CLANG_WARN_RANGE_LOOP_ANALYSIS = YES;
				CLANG_WARN_STRICT_PROTOTYPES = YES;
				CLANG_WARN_SUSPICIOUS_MOVE = YES;
				CLANG_WARN_UNGUARDED_AVAILABILITY = YES_AGGRESSIVE;
				CLANG_WARN_UNREACHABLE_CODE = YES;
				CLANG_WARN__DUPLICATE_METHOD_MATCH = YES;
				COPY_PHASE_STRIP = NO;
				DEBUG_INFORMATION_FORMAT = "dwarf-with-dsym";
				ENABLE_NS_ASSERTIONS = NO;
				ENABLE_STRICT_OBJC_MSGSEND = YES;
				GCC_C_LANGUAGE_STANDARD = gnu11;
				GCC_NO_COMMON_BLOCKS = YES;
				GCC_WARN_64_TO_32_BIT_CONVERSION = YES;
				GCC_WARN_ABOUT_RETURN_TYPE = YES_ERROR;
				GCC_WARN_UNDECLARED_SELECTOR = YES;
				GCC_WARN_UNINITIALIZED_AUTOS = YES_AGGRESSIVE;
				GCC_WARN_UNUSED_FUNCTION = YES;
				GCC_WARN_UNUSED_VARIABLE = YES;
				IPHONEOS_DEPLOYMENT_TARGET = 15.5;
				MTL_ENABLE_DEBUG_INFO = NO;
				MTL_FAST_MATH = YES;
				SDKROOT = iphoneos;
				SWIFT_COMPILATION_MODE = wholemodule;
				SWIFT_OPTIMIZATION_LEVEL = "-O";
				VALIDATE_PRODUCT = YES;
			};
			name = Release;
		};
		4F5AA216298531B900DD065C /* Debug */ = {
			isa = XCBuildConfiguration;
			baseConfigurationReference = FF35BDBC8A00BACB94E9FE5C /* Pods-RxSwiftA1.debug.xcconfig */;
			buildSettings = {
				ASSETCATALOG_COMPILER_APPICON_NAME = AppIcon;
				ASSETCATALOG_COMPILER_GLOBAL_ACCENT_COLOR_NAME = AccentColor;
				CODE_SIGN_STYLE = Automatic;
				CURRENT_PROJECT_VERSION = 1;
				DEVELOPMENT_TEAM = 8DWF4448F3;
				GENERATE_INFOPLIST_FILE = YES;
				INFOPLIST_FILE = RxSwiftA1/Info.plist;
				INFOPLIST_KEY_UIApplicationSupportsIndirectInputEvents = YES;
				INFOPLIST_KEY_UILaunchStoryboardName = LaunchScreen;
				INFOPLIST_KEY_UIMainStoryboardFile = Main;
				INFOPLIST_KEY_UISupportedInterfaceOrientations_iPad = "UIInterfaceOrientationPortrait UIInterfaceOrientationPortraitUpsideDown UIInterfaceOrientationLandscapeLeft UIInterfaceOrientationLandscapeRight";
				INFOPLIST_KEY_UISupportedInterfaceOrientations_iPhone = "UIInterfaceOrientationPortrait UIInterfaceOrientationLandscapeLeft UIInterfaceOrientationLandscapeRight";
				LD_RUNPATH_SEARCH_PATHS = (
					"$(inherited)",
					"@executable_path/Frameworks",
				);
				MARKETING_VERSION = 1.0;
				PRODUCT_BUNDLE_IDENTIFIER = nguyen.trong.trung.RxSwiftA1;
				PRODUCT_NAME = "$(TARGET_NAME)";
				SWIFT_EMIT_LOC_STRINGS = YES;
				SWIFT_VERSION = 5.0;
				TARGETED_DEVICE_FAMILY = "1,2";
			};
			name = Debug;
		};
		4F5AA217298531B900DD065C /* Release */ = {
			isa = XCBuildConfiguration;
			baseConfigurationReference = 4A51B7EE7BCC8EEA2CD52F4F /* Pods-RxSwiftA1.release.xcconfig */;
			buildSettings = {
				ASSETCATALOG_COMPILER_APPICON_NAME = AppIcon;
				ASSETCATALOG_COMPILER_GLOBAL_ACCENT_COLOR_NAME = AccentColor;
				CODE_SIGN_STYLE = Automatic;
				CURRENT_PROJECT_VERSION = 1;
				DEVELOPMENT_TEAM = 8DWF4448F3;
				GENERATE_INFOPLIST_FILE = YES;
				INFOPLIST_FILE = RxSwiftA1/Info.plist;
				INFOPLIST_KEY_UIApplicationSupportsIndirectInputEvents = YES;
				INFOPLIST_KEY_UILaunchStoryboardName = LaunchScreen;
				INFOPLIST_KEY_UIMainStoryboardFile = Main;
				INFOPLIST_KEY_UISupportedInterfaceOrientations_iPad = "UIInterfaceOrientationPortrait UIInterfaceOrientationPortraitUpsideDown UIInterfaceOrientationLandscapeLeft UIInterfaceOrientationLandscapeRight";
				INFOPLIST_KEY_UISupportedInterfaceOrientations_iPhone = "UIInterfaceOrientationPortrait UIInterfaceOrientationLandscapeLeft UIInterfaceOrientationLandscapeRight";
				LD_RUNPATH_SEARCH_PATHS = (
					"$(inherited)",
					"@executable_path/Frameworks",
				);
				MARKETING_VERSION = 1.0;
				PRODUCT_BUNDLE_IDENTIFIER = nguyen.trong.trung.RxSwiftA1;
				PRODUCT_NAME = "$(TARGET_NAME)";
				SWIFT_EMIT_LOC_STRINGS = YES;
				SWIFT_VERSION = 5.0;
				TARGETED_DEVICE_FAMILY = "1,2";
			};
			name = Release;
		};
/* End XCBuildConfiguration section */

/* Begin XCConfigurationList section */
		4F5AA1FC298531B700DD065C /* Build configuration list for PBXProject "RxSwiftA1" */ = {
			isa = XCConfigurationList;
			buildConfigurations = (
				4F5AA213298531B900DD065C /* Debug */,
				4F5AA214298531B900DD065C /* Release */,
			);
			defaultConfigurationIsVisible = 0;
			defaultConfigurationName = Release;
		};
		4F5AA215298531B900DD065C /* Build configuration list for PBXNativeTarget "RxSwiftA1" */ = {
			isa = XCConfigurationList;
			buildConfigurations = (
				4F5AA216298531B900DD065C /* Debug */,
				4F5AA217298531B900DD065C /* Release */,
			);
			defaultConfigurationIsVisible = 0;
			defaultConfigurationName = Release;
		};
/* End XCConfigurationList section */
	};
	rootObject = 4F5AA1F9298531B700DD065C /* Project object */;
}
